// !$*UTF8*$!
{
	archiveVersion = 1;
	classes = {
	};
	objectVersion = 50;
	objects = {

/* Begin PBXBuildFile section */
		C1C29FB3234E24BA007FFB24 /* SWUIKit.h in Headers */ = {isa = PBXBuildFile; fileRef = C1C29FB1234E24BA007FFB24 /* SWUIKit.h */; settings = {ATTRIBUTES = (Public, ); }; };
		C1C29FBA234E259B007FFB24 /* CommonViewController.swift in Sources */ = {isa = PBXBuildFile; fileRef = C1C29FB9234E259B007FFB24 /* CommonViewController.swift */; };
		C1C29FC6234E2A42007FFB24 /* AppDelegate.swift in Sources */ = {isa = PBXBuildFile; fileRef = C1C29FC5234E2A42007FFB24 /* AppDelegate.swift */; };
		C1C29FC8234E2A42007FFB24 /* SceneDelegate.swift in Sources */ = {isa = PBXBuildFile; fileRef = C1C29FC7234E2A42007FFB24 /* SceneDelegate.swift */; };
		C1C29FCA234E2A42007FFB24 /* ViewController.swift in Sources */ = {isa = PBXBuildFile; fileRef = C1C29FC9234E2A42007FFB24 /* ViewController.swift */; };
		C1C29FCD234E2A42007FFB24 /* Main.storyboard in Resources */ = {isa = PBXBuildFile; fileRef = C1C29FCB234E2A42007FFB24 /* Main.storyboard */; };
		C1C29FCF234E2A43007FFB24 /* Assets.xcassets in Resources */ = {isa = PBXBuildFile; fileRef = C1C29FCE234E2A43007FFB24 /* Assets.xcassets */; };
		C1C29FD2234E2A43007FFB24 /* LaunchScreen.storyboard in Resources */ = {isa = PBXBuildFile; fileRef = C1C29FD0234E2A43007FFB24 /* LaunchScreen.storyboard */; };
		C1C29FDD234E31B6007FFB24 /* SWUIKit.framework in Frameworks */ = {isa = PBXBuildFile; fileRef = C1C29FAE234E24BA007FFB24 /* SWUIKit.framework */; };
		C1C29FE1234E39CF007FFB24 /* CommonViewController.xib in Resources */ = {isa = PBXBuildFile; fileRef = C1C29FE0234E39CF007FFB24 /* CommonViewController.xib */; };
/* End PBXBuildFile section */

/* Begin PBXFileReference section */
		C1818EEA234F5E5600ECC591 /* RxSwift.framework */ = {isa = PBXFileReference; lastKnownFileType = wrapper.framework; name = RxSwift.framework; path = Carthage/Build/iOS/RxSwift.framework; sourceTree = "<group>"; };
		C1C29FAE234E24BA007FFB24 /* SWUIKit.framework */ = {isa = PBXFileReference; explicitFileType = wrapper.framework; includeInIndex = 0; path = SWUIKit.framework; sourceTree = BUILT_PRODUCTS_DIR; };
		C1C29FB1234E24BA007FFB24 /* SWUIKit.h */ = {isa = PBXFileReference; lastKnownFileType = sourcecode.c.h; path = SWUIKit.h; sourceTree = "<group>"; };
		C1C29FB2234E24BA007FFB24 /* Info.plist */ = {isa = PBXFileReference; lastKnownFileType = text.plist.xml; path = Info.plist; sourceTree = "<group>"; };
		C1C29FB9234E259B007FFB24 /* CommonViewController.swift */ = {isa = PBXFileReference; lastKnownFileType = sourcecode.swift; path = CommonViewController.swift; sourceTree = "<group>"; };
		C1C29FC3234E2A42007FFB24 /* DemoApp.app */ = {isa = PBXFileReference; explicitFileType = wrapper.application; includeInIndex = 0; path = DemoApp.app; sourceTree = BUILT_PRODUCTS_DIR; };
		C1C29FC5234E2A42007FFB24 /* AppDelegate.swift */ = {isa = PBXFileReference; lastKnownFileType = sourcecode.swift; path = AppDelegate.swift; sourceTree = "<group>"; };
		C1C29FC7234E2A42007FFB24 /* SceneDelegate.swift */ = {isa = PBXFileReference; lastKnownFileType = sourcecode.swift; path = SceneDelegate.swift; sourceTree = "<group>"; };
		C1C29FC9234E2A42007FFB24 /* ViewController.swift */ = {isa = PBXFileReference; lastKnownFileType = sourcecode.swift; path = ViewController.swift; sourceTree = "<group>"; };
		C1C29FCC234E2A42007FFB24 /* Base */ = {isa = PBXFileReference; lastKnownFileType = file.storyboard; name = Base; path = Base.lproj/Main.storyboard; sourceTree = "<group>"; };
		C1C29FCE234E2A43007FFB24 /* Assets.xcassets */ = {isa = PBXFileReference; lastKnownFileType = folder.assetcatalog; path = Assets.xcassets; sourceTree = "<group>"; };
		C1C29FD1234E2A43007FFB24 /* Base */ = {isa = PBXFileReference; lastKnownFileType = file.storyboard; name = Base; path = Base.lproj/LaunchScreen.storyboard; sourceTree = "<group>"; };
		C1C29FD3234E2A43007FFB24 /* Info.plist */ = {isa = PBXFileReference; lastKnownFileType = text.plist.xml; path = Info.plist; sourceTree = "<group>"; };
		C1C29FE0234E39CF007FFB24 /* CommonViewController.xib */ = {isa = PBXFileReference; lastKnownFileType = file.xib; path = CommonViewController.xib; sourceTree = "<group>"; };
/* End PBXFileReference section */

/* Begin PBXFrameworksBuildPhase section */
		C1C29FAB234E24BA007FFB24 /* Frameworks */ = {
			isa = PBXFrameworksBuildPhase;
			buildActionMask = 2147483647;
			files = (
			);
			runOnlyForDeploymentPostprocessing = 0;
		};
		C1C29FC0234E2A42007FFB24 /* Frameworks */ = {
			isa = PBXFrameworksBuildPhase;
			buildActionMask = 2147483647;
			files = (
				C1C29FDD234E31B6007FFB24 /* SWUIKit.framework in Frameworks */,
			);
			runOnlyForDeploymentPostprocessing = 0;
		};
/* End PBXFrameworksBuildPhase section */

/* Begin PBXGroup section */
		C1C29FA4234E24BA007FFB24 = {
			isa = PBXGroup;
			children = (
				C1C29FB0234E24BA007FFB24 /* SWUIKit */,
				C1C29FC4234E2A42007FFB24 /* DemoApp */,
				C1C29FAF234E24BA007FFB24 /* Products */,
				C1C29FD7234E2A53007FFB24 /* Frameworks */,
			);
			sourceTree = "<group>";
		};
		C1C29FAF234E24BA007FFB24 /* Products */ = {
			isa = PBXGroup;
			children = (
				C1C29FAE234E24BA007FFB24 /* SWUIKit.framework */,
				C1C29FC3234E2A42007FFB24 /* DemoApp.app */,
			);
			name = Products;
			sourceTree = "<group>";
		};
		C1C29FB0234E24BA007FFB24 /* SWUIKit */ = {
			isa = PBXGroup;
			children = (
				C1C29FBB234E25C2007FFB24 /* Controllers */,
				C1C29FBC234E25C2007FFB24 /* Views */,
				C1C29FB1234E24BA007FFB24 /* SWUIKit.h */,
				C1C29FB2234E24BA007FFB24 /* Info.plist */,
			);
			path = SWUIKit;
			sourceTree = "<group>";
		};
		C1C29FBB234E25C2007FFB24 /* Controllers */ = {
			isa = PBXGroup;
			children = (
				C1C29FB9234E259B007FFB24 /* CommonViewController.swift */,
				C1C29FE0234E39CF007FFB24 /* CommonViewController.xib */,
			);
			path = Controllers;
			sourceTree = "<group>";
		};
		C1C29FBC234E25C2007FFB24 /* Views */ = {
			isa = PBXGroup;
			children = (
			);
			path = Views;
			sourceTree = "<group>";
		};
		C1C29FC4234E2A42007FFB24 /* DemoApp */ = {
			isa = PBXGroup;
			children = (
				C1C29FC5234E2A42007FFB24 /* AppDelegate.swift */,
				C1C29FC7234E2A42007FFB24 /* SceneDelegate.swift */,
				C1C29FC9234E2A42007FFB24 /* ViewController.swift */,
				C1C29FCB234E2A42007FFB24 /* Main.storyboard */,
				C1C29FCE234E2A43007FFB24 /* Assets.xcassets */,
				C1C29FD0234E2A43007FFB24 /* LaunchScreen.storyboard */,
				C1C29FD3234E2A43007FFB24 /* Info.plist */,
			);
			path = DemoApp;
			sourceTree = "<group>";
		};
		C1C29FD7234E2A53007FFB24 /* Frameworks */ = {
			isa = PBXGroup;
			children = (
				C1818EEA234F5E5600ECC591 /* RxSwift.framework */,
			);
			name = Frameworks;
			sourceTree = "<group>";
		};
/* End PBXGroup section */

/* Begin PBXHeadersBuildPhase section */
		C1C29FA9234E24BA007FFB24 /* Headers */ = {
			isa = PBXHeadersBuildPhase;
			buildActionMask = 2147483647;
			files = (
				C1C29FB3234E24BA007FFB24 /* SWUIKit.h in Headers */,
			);
			runOnlyForDeploymentPostprocessing = 0;
		};
/* End PBXHeadersBuildPhase section */

/* Begin PBXNativeTarget section */
		C1C29FAD234E24BA007FFB24 /* SWUIKit */ = {
			isa = PBXNativeTarget;
			buildConfigurationList = C1C29FB6234E24BA007FFB24 /* Build configuration list for PBXNativeTarget "SWUIKit" */;
			buildPhases = (
				C1C29FA9234E24BA007FFB24 /* Headers */,
				C1C29FAA234E24BA007FFB24 /* Sources */,
				C1C29FAB234E24BA007FFB24 /* Frameworks */,
				C1C29FAC234E24BA007FFB24 /* Resources */,
				C1818EEB234F5E5E00ECC591 /* ShellScript */,
			);
			buildRules = (
			);
			dependencies = (
			);
			name = SWUIKit;
			productName = SWUIKit;
			productReference = C1C29FAE234E24BA007FFB24 /* SWUIKit.framework */;
			productType = "com.apple.product-type.framework";
		};
		C1C29FC2234E2A42007FFB24 /* DemoApp */ = {
			isa = PBXNativeTarget;
			buildConfigurationList = C1C29FD4234E2A43007FFB24 /* Build configuration list for PBXNativeTarget "DemoApp" */;
			buildPhases = (
				C1C29FBF234E2A42007FFB24 /* Sources */,
				C1C29FC0234E2A42007FFB24 /* Frameworks */,
				C1C29FC1234E2A42007FFB24 /* Resources */,
			);
			buildRules = (
			);
			dependencies = (
			);
			name = DemoApp;
			productName = DemoApp;
			productReference = C1C29FC3234E2A42007FFB24 /* DemoApp.app */;
			productType = "com.apple.product-type.application";
		};
/* End PBXNativeTarget section */

/* Begin PBXProject section */
		C1C29FA5234E24BA007FFB24 /* Project object */ = {
			isa = PBXProject;
			attributes = {
				LastSwiftUpdateCheck = 1110;
				LastUpgradeCheck = 1110;
				ORGANIZATIONNAME = "Srikanth Reddy Kallam";
				TargetAttributes = {
					C1C29FAD234E24BA007FFB24 = {
						CreatedOnToolsVersion = 11.1;
						LastSwiftMigration = 1110;
					};
					C1C29FC2234E2A42007FFB24 = {
						CreatedOnToolsVersion = 11.1;
					};
				};
			};
			buildConfigurationList = C1C29FA8234E24BA007FFB24 /* Build configuration list for PBXProject "SWUIKit" */;
			compatibilityVersion = "Xcode 9.3";
			developmentRegion = en;
			hasScannedForEncodings = 0;
			knownRegions = (
				en,
				Base,
			);
			mainGroup = C1C29FA4234E24BA007FFB24;
			productRefGroup = C1C29FAF234E24BA007FFB24 /* Products */;
			projectDirPath = "";
			projectRoot = "";
			targets = (
				C1C29FAD234E24BA007FFB24 /* SWUIKit */,
				C1C29FC2234E2A42007FFB24 /* DemoApp */,
			);
		};
/* End PBXProject section */

/* Begin PBXResourcesBuildPhase section */
		C1C29FAC234E24BA007FFB24 /* Resources */ = {
			isa = PBXResourcesBuildPhase;
			buildActionMask = 2147483647;
			files = (
				C1C29FE1234E39CF007FFB24 /* CommonViewController.xib in Resources */,
			);
			runOnlyForDeploymentPostprocessing = 0;
		};
		C1C29FC1234E2A42007FFB24 /* Resources */ = {
			isa = PBXResourcesBuildPhase;
			buildActionMask = 2147483647;
			files = (
				C1C29FD2234E2A43007FFB24 /* LaunchScreen.storyboard in Resources */,
				C1C29FCF234E2A43007FFB24 /* Assets.xcassets in Resources */,
				C1C29FCD234E2A42007FFB24 /* Main.storyboard in Resources */,
			);
			runOnlyForDeploymentPostprocessing = 0;
		};
/* End PBXResourcesBuildPhase section */

/* Begin PBXShellScriptBuildPhase section */
		C1818EEB234F5E5E00ECC591 /* ShellScript */ = {
			isa = PBXShellScriptBuildPhase;
			buildActionMask = 2147483647;
			files = (
			);
			inputFileListPaths = (
			);
			inputPaths = (
				"$(SRCROOT)/Carthage/build/iOS/RxSwift.framework",
			);
			outputFileListPaths = (
			);
			outputPaths = (
				"$(BUILT_PRODUCTS_DIR)/$(FRAMEWORKS_FOLDER_PATH)/RxSwift.framework",
			);
			runOnlyForDeploymentPostprocessing = 0;
			shellPath = /bin/sh;
			shellScript = "/usr/local/bin/carthage copy-frameworks\n";
		};
/* End PBXShellScriptBuildPhase section */

/* Begin PBXSourcesBuildPhase section */
		C1C29FAA234E24BA007FFB24 /* Sources */ = {
			isa = PBXSourcesBuildPhase;
			buildActionMask = 2147483647;
			files = (
				C1C29FBA234E259B007FFB24 /* CommonViewController.swift in Sources */,
			);
			runOnlyForDeploymentPostprocessing = 0;
		};
		C1C29FBF234E2A42007FFB24 /* Sources */ = {
			isa = PBXSourcesBuildPhase;
			buildActionMask = 2147483647;
			files = (
				C1C29FCA234E2A42007FFB24 /* ViewController.swift in Sources */,
				C1C29FC6234E2A42007FFB24 /* AppDelegate.swift in Sources */,
				C1C29FC8234E2A42007FFB24 /* SceneDelegate.swift in Sources */,
			);
			runOnlyForDeploymentPostprocessing = 0;
		};
/* End PBXSourcesBuildPhase section */

/* Begin PBXVariantGroup section */
		C1C29FCB234E2A42007FFB24 /* Main.storyboard */ = {
			isa = PBXVariantGroup;
			children = (
				C1C29FCC234E2A42007FFB24 /* Base */,
			);
			name = Main.storyboard;
			sourceTree = "<group>";
		};
		C1C29FD0234E2A43007FFB24 /* LaunchScreen.storyboard */ = {
			isa = PBXVariantGroup;
			children = (
				C1C29FD1234E2A43007FFB24 /* Base */,
			);
			name = LaunchScreen.storyboard;
			sourceTree = "<group>";
		};
/* End PBXVariantGroup section */

/* Begin XCBuildConfiguration section */
		C1C29FB4234E24BA007FFB24 /* Debug */ = {
			isa = XCBuildConfiguration;
			buildSettings = {
				ALWAYS_SEARCH_USER_PATHS = NO;
				CLANG_ANALYZER_NONNULL = YES;
				CLANG_ANALYZER_NUMBER_OBJECT_CONVERSION = YES_AGGRESSIVE;
				CLANG_CXX_LANGUAGE_STANDARD = "gnu++14";
				CLANG_CXX_LIBRARY = "libc++";
				CLANG_ENABLE_MODULES = YES;
				CLANG_ENABLE_OBJC_ARC = YES;
				CLANG_ENABLE_OBJC_WEAK = YES;
				CLANG_WARN_BLOCK_CAPTURE_AUTORELEASING = YES;
				CLANG_WARN_BOOL_CONVERSION = YES;
				CLANG_WARN_COMMA = YES;
				CLANG_WARN_CONSTANT_CONVERSION = YES;
				CLANG_WARN_DEPRECATED_OBJC_IMPLEMENTATIONS = YES;
				CLANG_WARN_DIRECT_OBJC_ISA_USAGE = YES_ERROR;
				CLANG_WARN_DOCUMENTATION_COMMENTS = YES;
				CLANG_WARN_EMPTY_BODY = YES;
				CLANG_WARN_ENUM_CONVERSION = YES;
				CLANG_WARN_INFINITE_RECURSION = YES;
				CLANG_WARN_INT_CONVERSION = YES;
				CLANG_WARN_NON_LITERAL_NULL_CONVERSION = YES;
				CLANG_WARN_OBJC_IMPLICIT_RETAIN_SELF = YES;
				CLANG_WARN_OBJC_LITERAL_CONVERSION = YES;
				CLANG_WARN_OBJC_ROOT_CLASS = YES_ERROR;
				CLANG_WARN_RANGE_LOOP_ANALYSIS = YES;
				CLANG_WARN_STRICT_PROTOTYPES = YES;
				CLANG_WARN_SUSPICIOUS_MOVE = YES;
				CLANG_WARN_UNGUARDED_AVAILABILITY = YES_AGGRESSIVE;
				CLANG_WARN_UNREACHABLE_CODE = YES;
				CLANG_WARN__DUPLICATE_METHOD_MATCH = YES;
				COPY_PHASE_STRIP = NO;
				CURRENT_PROJECT_VERSION = 1;
				DEBUG_INFORMATION_FORMAT = dwarf;
				ENABLE_STRICT_OBJC_MSGSEND = YES;
				ENABLE_TESTABILITY = YES;
				GCC_C_LANGUAGE_STANDARD = gnu11;
				GCC_DYNAMIC_NO_PIC = NO;
				GCC_NO_COMMON_BLOCKS = YES;
				GCC_OPTIMIZATION_LEVEL = 0;
				GCC_PREPROCESSOR_DEFINITIONS = (
					"DEBUG=1",
					"$(inherited)",
				);
				GCC_WARN_64_TO_32_BIT_CONVERSION = YES;
				GCC_WARN_ABOUT_RETURN_TYPE = YES_ERROR;
				GCC_WARN_UNDECLARED_SELECTOR = YES;
				GCC_WARN_UNINITIALIZED_AUTOS = YES_AGGRESSIVE;
				GCC_WARN_UNUSED_FUNCTION = YES;
				GCC_WARN_UNUSED_VARIABLE = YES;
				IPHONEOS_DEPLOYMENT_TARGET = 13.1;
				MTL_ENABLE_DEBUG_INFO = INCLUDE_SOURCE;
				MTL_FAST_MATH = YES;
				ONLY_ACTIVE_ARCH = YES;
				SDKROOT = iphoneos;
				SWIFT_ACTIVE_COMPILATION_CONDITIONS = DEBUG;
				SWIFT_OPTIMIZATION_LEVEL = "-Onone";
				VERSIONING_SYSTEM = "apple-generic";
				VERSION_INFO_PREFIX = "";
			};
			name = Debug;
		};
		C1C29FB5234E24BA007FFB24 /* Release */ = {
			isa = XCBuildConfiguration;
			buildSettings = {
				ALWAYS_SEARCH_USER_PATHS = NO;
				CLANG_ANALYZER_NONNULL = YES;
				CLANG_ANALYZER_NUMBER_OBJECT_CONVERSION = YES_AGGRESSIVE;
				CLANG_CXX_LANGUAGE_STANDARD = "gnu++14";
				CLANG_CXX_LIBRARY = "libc++";
				CLANG_ENABLE_MODULES = YES;
				CLANG_ENABLE_OBJC_ARC = YES;
				CLANG_ENABLE_OBJC_WEAK = YES;
				CLANG_WARN_BLOCK_CAPTURE_AUTORELEASING = YES;
				CLANG_WARN_BOOL_CONVERSION = YES;
				CLANG_WARN_COMMA = YES;
				CLANG_WARN_CONSTANT_CONVERSION = YES;
				CLANG_WARN_DEPRECATED_OBJC_IMPLEMENTATIONS = YES;
				CLANG_WARN_DIRECT_OBJC_ISA_USAGE = YES_ERROR;
				CLANG_WARN_DOCUMENTATION_COMMENTS = YES;
				CLANG_WARN_EMPTY_BODY = YES;
				CLANG_WARN_ENUM_CONVERSION = YES;
				CLANG_WARN_INFINITE_RECURSION = YES;
				CLANG_WARN_INT_CONVERSION = YES;
				CLANG_WARN_NON_LITERAL_NULL_CONVERSION = YES;
				CLANG_WARN_OBJC_IMPLICIT_RETAIN_SELF = YES;
				CLANG_WARN_OBJC_LITERAL_CONVERSION = YES;
				CLANG_WARN_OBJC_ROOT_CLASS = YES_ERROR;
				CLANG_WARN_RANGE_LOOP_ANALYSIS = YES;
				CLANG_WARN_STRICT_PROTOTYPES = YES;
				CLANG_WARN_SUSPICIOUS_MOVE = YES;
				CLANG_WARN_UNGUARDED_AVAILABILITY = YES_AGGRESSIVE;
				CLANG_WARN_UNREACHABLE_CODE = YES;
				CLANG_WARN__DUPLICATE_METHOD_MATCH = YES;
				COPY_PHASE_STRIP = NO;
				CURRENT_PROJECT_VERSION = 1;
				DEBUG_INFORMATION_FORMAT = "dwarf-with-dsym";
				ENABLE_NS_ASSERTIONS = NO;
				ENABLE_STRICT_OBJC_MSGSEND = YES;
				GCC_C_LANGUAGE_STANDARD = gnu11;
				GCC_NO_COMMON_BLOCKS = YES;
				GCC_WARN_64_TO_32_BIT_CONVERSION = YES;
				GCC_WARN_ABOUT_RETURN_TYPE = YES_ERROR;
				GCC_WARN_UNDECLARED_SELECTOR = YES;
				GCC_WARN_UNINITIALIZED_AUTOS = YES_AGGRESSIVE;
				GCC_WARN_UNUSED_FUNCTION = YES;
				GCC_WARN_UNUSED_VARIABLE = YES;
				IPHONEOS_DEPLOYMENT_TARGET = 13.1;
				MTL_ENABLE_DEBUG_INFO = NO;
				MTL_FAST_MATH = YES;
				SDKROOT = iphoneos;
				SWIFT_COMPILATION_MODE = wholemodule;
				SWIFT_OPTIMIZATION_LEVEL = "-O";
				VALIDATE_PRODUCT = YES;
				VERSIONING_SYSTEM = "apple-generic";
				VERSION_INFO_PREFIX = "";
			};
			name = Release;
		};
		C1C29FB7234E24BA007FFB24 /* Debug */ = {
			isa = XCBuildConfiguration;
			buildSettings = {
				CLANG_ENABLE_MODULES = YES;
				CODE_SIGN_STYLE = Automatic;
				DEFINES_MODULE = YES;
				DYLIB_COMPATIBILITY_VERSION = 1;
				DYLIB_CURRENT_VERSION = 1;
				DYLIB_INSTALL_NAME_BASE = "@rpath";
				FRAMEWORK_SEARCH_PATHS = (
					"$(inherited)",
					"$(PROJECT_DIR)/Carthage/Build/iOS",
				);
				INFOPLIST_FILE = SWUIKit/Info.plist;
				INSTALL_PATH = "$(LOCAL_LIBRARY_DIR)/Frameworks";
				IPHONEOS_DEPLOYMENT_TARGET = 11.0;
				LD_RUNPATH_SEARCH_PATHS = (
					"$(inherited)",
					"@executable_path/Frameworks",
					"@loader_path/Frameworks",
				);
				PRODUCT_BUNDLE_IDENTIFIER = com.self.edu.SWUIKit;
				PRODUCT_NAME = "$(TARGET_NAME:c99extidentifier)";
				SKIP_INSTALL = YES;
				SWIFT_OPTIMIZATION_LEVEL = "-Onone";
				SWIFT_VERSION = 5.0;
				TARGETED_DEVICE_FAMILY = "1,2";
			};
			name = Debug;
		};
		C1C29FB8234E24BA007FFB24 /* Release */ = {
			isa = XCBuildConfiguration;
			buildSettings = {
				CLANG_ENABLE_MODULES = YES;
				CODE_SIGN_STYLE = Automatic;
				DEFINES_MODULE = YES;
				DYLIB_COMPATIBILITY_VERSION = 1;
				DYLIB_CURRENT_VERSION = 1;
				DYLIB_INSTALL_NAME_BASE = "@rpath";
				FRAMEWORK_SEARCH_PATHS = (
					"$(inherited)",
					"$(PROJECT_DIR)/Carthage/Build/iOS",
				);
				INFOPLIST_FILE = SWUIKit/Info.plist;
				INSTALL_PATH = "$(LOCAL_LIBRARY_DIR)/Frameworks";
				IPHONEOS_DEPLOYMENT_TARGET = 11.0;
				LD_RUNPATH_SEARCH_PATHS = (
					"$(inherited)",
					"@executable_path/Frameworks",
					"@loader_path/Frameworks",
				);
				PRODUCT_BUNDLE_IDENTIFIER = com.self.edu.SWUIKit;
				PRODUCT_NAME = "$(TARGET_NAME:c99extidentifier)";
				SKIP_INSTALL = YES;
				SWIFT_VERSION = 5.0;
				TARGETED_DEVICE_FAMILY = "1,2";
			};
			name = Release;
		};
		C1C29FD5234E2A43007FFB24 /* Debug */ = {
			isa = XCBuildConfiguration;
			buildSettings = {
				ASSETCATALOG_COMPILER_APPICON_NAME = AppIcon;
				CODE_SIGN_STYLE = Automatic;
				INFOPLIST_FILE = DemoApp/Info.plist;
				LD_RUNPATH_SEARCH_PATHS = (
					"$(inherited)",
					"@executable_path/Frameworks",
				);
				PRODUCT_BUNDLE_IDENTIFIER = com.self.edu.DemoApp;
				PRODUCT_NAME = "$(TARGET_NAME)";
				SWIFT_VERSION = 5.0;
				TARGETED_DEVICE_FAMILY = "1,2";
			};
			name = Debug;
		};
		C1C29FD6234E2A43007FFB24 /* Release */ = {
			isa = XCBuildConfiguration;
			buildSettings = {
				ASSETCATALOG_COMPILER_APPICON_NAME = AppIcon;
				CODE_SIGN_STYLE = Automatic;
				INFOPLIST_FILE = DemoApp/Info.plist;
				LD_RUNPATH_SEARCH_PATHS = (
					"$(inherited)",
					"@executable_path/Frameworks",
				);
				PRODUCT_BUNDLE_IDENTIFIER = com.self.edu.DemoApp;
				PRODUCT_NAME = "$(TARGET_NAME)";
				SWIFT_VERSION = 5.0;
				TARGETED_DEVICE_FAMILY = "1,2";
			};
			name = Release;
		};
/* End XCBuildConfiguration section */

/* Begin XCConfigurationList section */
		C1C29FA8234E24BA007FFB24 /* Build configuration list for PBXProject "SWUIKit" */ = {
			isa = XCConfigurationList;
			buildConfigurations = (
				C1C29FB4234E24BA007FFB24 /* Debug */,
				C1C29FB5234E24BA007FFB24 /* Release */,
			);
			defaultConfigurationIsVisible = 0;
			defaultConfigurationName = Release;
		};
		C1C29FB6234E24BA007FFB24 /* Build configuration list for PBXNativeTarget "SWUIKit" */ = {
			isa = XCConfigurationList;
			buildConfigurations = (
				C1C29FB7234E24BA007FFB24 /* Debug */,
				C1C29FB8234E24BA007FFB24 /* Release */,
			);
			defaultConfigurationIsVisible = 0;
			defaultConfigurationName = Release;
		};
		C1C29FD4234E2A43007FFB24 /* Build configuration list for PBXNativeTarget "DemoApp" */ = {
			isa = XCConfigurationList;
			buildConfigurations = (
				C1C29FD5234E2A43007FFB24 /* Debug */,
				C1C29FD6234E2A43007FFB24 /* Release */,
			);
			defaultConfigurationIsVisible = 0;
			defaultConfigurationName = Release;
		};
/* End XCConfigurationList section */
	};
	rootObject = C1C29FA5234E24BA007FFB24 /* Project object */;
}
